// !$*UTF8*$!
{
	archiveVersion = 1;
	classes = {
	};
	objectVersion = 55;
	objects = {

/* Begin PBXBuildFile section */
		804BD01728DB4FFF003D9313 /* MusicEngine.swift in Sources */ = {isa = PBXBuildFile; fileRef = 804BD01628DB4FFF003D9313 /* MusicEngine.swift */; };
		804BD01928DB5450003D9313 /* ButtonEngine.swift in Sources */ = {isa = PBXBuildFile; fileRef = 804BD01828DB5450003D9313 /* ButtonEngine.swift */; };
		80B3A7F828E33FE600B9A3FA /* Don't Look Back In Anger.mp3 in Resources */ = {isa = PBXBuildFile; fileRef = 80B3A7F728E33FE600B9A3FA /* Don't Look Back In Anger.mp3 */; };
		80B3A7FE28E3585100B9A3FA /* Miserlou.mp3 in Resources */ = {isa = PBXBuildFile; fileRef = 80B3A7FD28E3585100B9A3FA /* Miserlou.mp3 */; };
		80B3A80028E3588700B9A3FA /* Down Under.mp3 in Resources */ = {isa = PBXBuildFile; fileRef = 80B3A7FF28E3588600B9A3FA /* Down Under.mp3 */; };
		80B3A80228E3589100B9A3FA /* Free Bird.mp3 in Resources */ = {isa = PBXBuildFile; fileRef = 80B3A80128E3589100B9A3FA /* Free Bird.mp3 */; };
		80B3A80428E3589900B9A3FA /* Wonderwall.mp3 in Resources */ = {isa = PBXBuildFile; fileRef = 80B3A80328E3589900B9A3FA /* Wonderwall.mp3 */; };
		80E7196828DA14D8004A713D /* MusicPlayerLabApp.swift in Sources */ = {isa = PBXBuildFile; fileRef = 80E7196728DA14D8004A713D /* MusicPlayerLabApp.swift */; };
		80E7196A28DA14D8004A713D /* ContentView.swift in Sources */ = {isa = PBXBuildFile; fileRef = 80E7196928DA14D8004A713D /* ContentView.swift */; };
		80E7196C28DA14DA004A713D /* Assets.xcassets in Resources */ = {isa = PBXBuildFile; fileRef = 80E7196B28DA14DA004A713D /* Assets.xcassets */; };
		80E7196F28DA14DA004A713D /* Preview Assets.xcassets in Resources */ = {isa = PBXBuildFile; fileRef = 80E7196E28DA14DA004A713D /* Preview Assets.xcassets */; };
		80E7197728DA1569004A713D /* SongCard.swift in Sources */ = {isa = PBXBuildFile; fileRef = 80E7197628DA1569004A713D /* SongCard.swift */; };
/* End PBXBuildFile section */

/* Begin PBXFileReference section */
		804BD01628DB4FFF003D9313 /* MusicEngine.swift */ = {isa = PBXFileReference; lastKnownFileType = sourcecode.swift; path = MusicEngine.swift; sourceTree = "<group>"; };
		804BD01828DB5450003D9313 /* ButtonEngine.swift */ = {isa = PBXFileReference; lastKnownFileType = sourcecode.swift; path = ButtonEngine.swift; sourceTree = "<group>"; };
		80B3A7F728E33FE600B9A3FA /* Don't Look Back In Anger.mp3 */ = {isa = PBXFileReference; lastKnownFileType = audio.mp3; name = "Don't Look Back In Anger.mp3"; path = "../../Don't Look Back In Anger.mp3"; sourceTree = "<group>"; };
		80B3A7FD28E3585100B9A3FA /* Miserlou.mp3 */ = {isa = PBXFileReference; lastKnownFileType = audio.mp3; path = Miserlou.mp3; sourceTree = "<group>"; };
		80B3A7FF28E3588600B9A3FA /* Down Under.mp3 */ = {isa = PBXFileReference; lastKnownFileType = audio.mp3; path = "Down Under.mp3"; sourceTree = "<group>"; };
		80B3A80128E3589100B9A3FA /* Free Bird.mp3 */ = {isa = PBXFileReference; lastKnownFileType = audio.mp3; path = "Free Bird.mp3"; sourceTree = "<group>"; };
		80B3A80328E3589900B9A3FA /* Wonderwall.mp3 */ = {isa = PBXFileReference; lastKnownFileType = audio.mp3; path = Wonderwall.mp3; sourceTree = "<group>"; };
		80E7196428DA14D8004A713D /* MusicPlayerLab.app */ = {isa = PBXFileReference; explicitFileType = wrapper.application; includeInIndex = 0; path = MusicPlayerLab.app; sourceTree = BUILT_PRODUCTS_DIR; };
		80E7196728DA14D8004A713D /* MusicPlayerLabApp.swift */ = {isa = PBXFileReference; lastKnownFileType = sourcecode.swift; path = MusicPlayerLabApp.swift; sourceTree = "<group>"; };
		80E7196928DA14D8004A713D /* ContentView.swift */ = {isa = PBXFileReference; lastKnownFileType = sourcecode.swift; path = ContentView.swift; sourceTree = "<group>"; };
		80E7196B28DA14DA004A713D /* Assets.xcassets */ = {isa = PBXFileReference; lastKnownFileType = folder.assetcatalog; path = Assets.xcassets; sourceTree = "<group>"; };
		80E7196E28DA14DA004A713D /* Preview Assets.xcassets */ = {isa = PBXFileReference; lastKnownFileType = folder.assetcatalog; path = "Preview Assets.xcassets"; sourceTree = "<group>"; };
		80E7197628DA1569004A713D /* SongCard.swift */ = {isa = PBXFileReference; lastKnownFileType = sourcecode.swift; path = SongCard.swift; sourceTree = "<group>"; };
/* End PBXFileReference section */

/* Begin PBXFrameworksBuildPhase section */
		80E7196128DA14D8004A713D /* Frameworks */ = {
			isa = PBXFrameworksBuildPhase;
			buildActionMask = 2147483647;
			files = (
			);
			runOnlyForDeploymentPostprocessing = 0;
		};
/* End PBXFrameworksBuildPhase section */

/* Begin PBXGroup section */
		804BD01528DB4FDA003D9313 /* Functionality */ = {
			isa = PBXGroup;
			children = (
				804BD01628DB4FFF003D9313 /* MusicEngine.swift */,
				804BD01828DB5450003D9313 /* ButtonEngine.swift */,
			);
			path = Functionality;
			sourceTree = "<group>";
		};
		80E7195B28DA14D8004A713D = {
			isa = PBXGroup;
			children = (
				80B3A7FD28E3585100B9A3FA /* Miserlou.mp3 */,
				80B3A7FF28E3588600B9A3FA /* Down Under.mp3 */,
				80B3A80128E3589100B9A3FA /* Free Bird.mp3 */,
				80B3A80328E3589900B9A3FA /* Wonderwall.mp3 */,
				80B3A7F728E33FE600B9A3FA /* Don't Look Back In Anger.mp3 */,
				80E7196628DA14D8004A713D /* MusicPlayerLab */,
				80E7196528DA14D8004A713D /* Products */,
			);
			sourceTree = "<group>";
		};
		80E7196528DA14D8004A713D /* Products */ = {
			isa = PBXGroup;
			children = (
				80E7196428DA14D8004A713D /* MusicPlayerLab.app */,
			);
			name = Products;
			sourceTree = "<group>";
		};
		80E7196628DA14D8004A713D /* MusicPlayerLab */ = {
			isa = PBXGroup;
			children = (
				804BD01528DB4FDA003D9313 /* Functionality */,
				80E7197528DA1546004A713D /* Views */,
				80E7196728DA14D8004A713D /* MusicPlayerLabApp.swift */,
				80E7196928DA14D8004A713D /* ContentView.swift */,
				80E7196B28DA14DA004A713D /* Assets.xcassets */,
				80E7196D28DA14DA004A713D /* Preview Content */,
			);
			path = MusicPlayerLab;
			sourceTree = "<group>";
		};
		80E7196D28DA14DA004A713D /* Preview Content */ = {
			isa = PBXGroup;
			children = (
				80E7196E28DA14DA004A713D /* Preview Assets.xcassets */,
			);
			path = "Preview Content";
			sourceTree = "<group>";
		};
		80E7197528DA1546004A713D /* Views */ = {
			isa = PBXGroup;
			children = (
				80E7197628DA1569004A713D /* SongCard.swift */,
			);
			path = Views;
			sourceTree = "<group>";
		};
/* End PBXGroup section */

/* Begin PBXNativeTarget section */
		80E7196328DA14D8004A713D /* MusicPlayerLab */ = {
			isa = PBXNativeTarget;
			buildConfigurationList = 80E7197228DA14DA004A713D /* Build configuration list for PBXNativeTarget "MusicPlayerLab" */;
			buildPhases = (
				80E7196028DA14D8004A713D /* Sources */,
				80E7196128DA14D8004A713D /* Frameworks */,
				80E7196228DA14D8004A713D /* Resources */,
			);
			buildRules = (
			);
			dependencies = (
			);
			name = MusicPlayerLab;
			productName = MusicPlayerLab;
			productReference = 80E7196428DA14D8004A713D /* MusicPlayerLab.app */;
			productType = "com.apple.product-type.application";
		};
/* End PBXNativeTarget section */

/* Begin PBXProject section */
		80E7195C28DA14D8004A713D /* Project object */ = {
			isa = PBXProject;
			attributes = {
				BuildIndependentTargetsInParallel = 1;
				LastSwiftUpdateCheck = 1400;
				LastUpgradeCheck = 1400;
				TargetAttributes = {
					80E7196328DA14D8004A713D = {
						CreatedOnToolsVersion = 14.0;
					};
				};
			};
			buildConfigurationList = 80E7195F28DA14D8004A713D /* Build configuration list for PBXProject "MusicPlayerLab" */;
			compatibilityVersion = "Xcode 13.0";
			developmentRegion = en;
			hasScannedForEncodings = 0;
			knownRegions = (
				en,
				Base,
			);
			mainGroup = 80E7195B28DA14D8004A713D;
			productRefGroup = 80E7196528DA14D8004A713D /* Products */;
			projectDirPath = "";
			projectRoot = "";
			targets = (
				80E7196328DA14D8004A713D /* MusicPlayerLab */,
			);
		};
/* End PBXProject section */

/* Begin PBXResourcesBuildPhase section */
		80E7196228DA14D8004A713D /* Resources */ = {
			isa = PBXResourcesBuildPhase;
			buildActionMask = 2147483647;
			files = (
				80B3A7F828E33FE600B9A3FA /* Don't Look Back In Anger.mp3 in Resources */,
				80E7196F28DA14DA004A713D /* Preview Assets.xcassets in Resources */,
				80B3A7FE28E3585100B9A3FA /* Miserlou.mp3 in Resources */,
				80E7196C28DA14DA004A713D /* Assets.xcassets in Resources */,
				80B3A80228E3589100B9A3FA /* Free Bird.mp3 in Resources */,
				80B3A80028E3588700B9A3FA /* Down Under.mp3 in Resources */,
				80B3A80428E3589900B9A3FA /* Wonderwall.mp3 in Resources */,
			);
			runOnlyForDeploymentPostprocessing = 0;
		};
/* End PBXResourcesBuildPhase section */

/* Begin PBXSourcesBuildPhase section */
		80E7196028DA14D8004A713D /* Sources */ = {
			isa = PBXSourcesBuildPhase;
			buildActionMask = 2147483647;
			files = (
				804BD01928DB5450003D9313 /* ButtonEngine.swift in Sources */,
				80E7197728DA1569004A713D /* SongCard.swift in Sources */,
				80E7196A28DA14D8004A713D /* ContentView.swift in Sources */,
				80E7196828DA14D8004A713D /* MusicPlayerLabApp.swift in Sources */,
				804BD01728DB4FFF003D9313 /* MusicEngine.swift in Sources */,
			);
			runOnlyForDeploymentPostprocessing = 0;
		};
/* End PBXSourcesBuildPhase section */

/* Begin XCBuildConfiguration section */
		80E7197028DA14DA004A713D /* Debug */ = {
			isa = XCBuildConfiguration;
			buildSettings = {
				ALWAYS_SEARCH_USER_PATHS = NO;
				CLANG_ANALYZER_NONNULL = YES;
				CLANG_ANALYZER_NUMBER_OBJECT_CONVERSION = YES_AGGRESSIVE;
				CLANG_CXX_LANGUAGE_STANDARD = "gnu++20";
				CLANG_ENABLE_MODULES = YES;
				CLANG_ENABLE_OBJC_ARC = YES;
				CLANG_ENABLE_OBJC_WEAK = YES;
				CLANG_WARN_BLOCK_CAPTURE_AUTORELEASING = YES;
				CLANG_WARN_BOOL_CONVERSION = YES;
				CLANG_WARN_COMMA = YES;
				CLANG_WARN_CONSTANT_CONVERSION = YES;
				CLANG_WARN_DEPRECATED_OBJC_IMPLEMENTATIONS = YES;
				CLANG_WARN_DIRECT_OBJC_ISA_USAGE = YES_ERROR;
				CLANG_WARN_DOCUMENTATION_COMMENTS = YES;
				CLANG_WARN_EMPTY_BODY = YES;
				CLANG_WARN_ENUM_CONVERSION = YES;
				CLANG_WARN_INFINITE_RECURSION = YES;
				CLANG_WARN_INT_CONVERSION = YES;
				CLANG_WARN_NON_LITERAL_NULL_CONVERSION = YES;
				CLANG_WARN_OBJC_IMPLICIT_RETAIN_SELF = YES;
				CLANG_WARN_OBJC_LITERAL_CONVERSION = YES;
				CLANG_WARN_OBJC_ROOT_CLASS = YES_ERROR;
				CLANG_WARN_QUOTED_INCLUDE_IN_FRAMEWORK_HEADER = YES;
				CLANG_WARN_RANGE_LOOP_ANALYSIS = YES;
				CLANG_WARN_STRICT_PROTOTYPES = YES;
				CLANG_WARN_SUSPICIOUS_MOVE = YES;
				CLANG_WARN_UNGUARDED_AVAILABILITY = YES_AGGRESSIVE;
				CLANG_WARN_UNREACHABLE_CODE = YES;
				CLANG_WARN__DUPLICATE_METHOD_MATCH = YES;
				COPY_PHASE_STRIP = NO;
				DEBUG_INFORMATION_FORMAT = dwarf;
				ENABLE_STRICT_OBJC_MSGSEND = YES;
				ENABLE_TESTABILITY = YES;
				GCC_C_LANGUAGE_STANDARD = gnu11;
				GCC_DYNAMIC_NO_PIC = NO;
				GCC_NO_COMMON_BLOCKS = YES;
				GCC_OPTIMIZATION_LEVEL = 0;
				GCC_PREPROCESSOR_DEFINITIONS = (
					"DEBUG=1",
					"$(inherited)",
				);
				GCC_WARN_64_TO_32_BIT_CONVERSION = YES;
				GCC_WARN_ABOUT_RETURN_TYPE = YES_ERROR;
				GCC_WARN_UNDECLARED_SELECTOR = YES;
				GCC_WARN_UNINITIALIZED_AUTOS = YES_AGGRESSIVE;
				GCC_WARN_UNUSED_FUNCTION = YES;
				GCC_WARN_UNUSED_VARIABLE = YES;
				IPHONEOS_DEPLOYMENT_TARGET = 16.0;
				MTL_ENABLE_DEBUG_INFO = INCLUDE_SOURCE;
				MTL_FAST_MATH = YES;
				ONLY_ACTIVE_ARCH = YES;
				SDKROOT = iphoneos;
				SWIFT_ACTIVE_COMPILATION_CONDITIONS = DEBUG;
				SWIFT_OPTIMIZATION_LEVEL = "-Onone";
			};
			name = Debug;
		};
		80E7197128DA14DA004A713D /* Release */ = {
			isa = XCBuildConfiguration;
			buildSettings = {
				ALWAYS_SEARCH_USER_PATHS = NO;
				CLANG_ANALYZER_NONNULL = YES;
				CLANG_ANALYZER_NUMBER_OBJECT_CONVERSION = YES_AGGRESSIVE;
				CLANG_CXX_LANGUAGE_STANDARD = "gnu++20";
				CLANG_ENABLE_MODULES = YES;
				CLANG_ENABLE_OBJC_ARC = YES;
				CLANG_ENABLE_OBJC_WEAK = YES;
				CLANG_WARN_BLOCK_CAPTURE_AUTORELEASING = YES;
				CLANG_WARN_BOOL_CONVERSION = YES;
				CLANG_WARN_COMMA = YES;
				CLANG_WARN_CONSTANT_CONVERSION = YES;
				CLANG_WARN_DEPRECATED_OBJC_IMPLEMENTATIONS = YES;
				CLANG_WARN_DIRECT_OBJC_ISA_USAGE = YES_ERROR;
				CLANG_WARN_DOCUMENTATION_COMMENTS = YES;
				CLANG_WARN_EMPTY_BODY = YES;
				CLANG_WARN_ENUM_CONVERSION = YES;
				CLANG_WARN_INFINITE_RECURSION = YES;
				CLANG_WARN_INT_CONVERSION = YES;
				CLANG_WARN_NON_LITERAL_NULL_CONVERSION = YES;
				CLANG_WARN_OBJC_IMPLICIT_RETAIN_SELF = YES;
				CLANG_WARN_OBJC_LITERAL_CONVERSION = YES;
				CLANG_WARN_OBJC_ROOT_CLASS = YES_ERROR;
				CLANG_WARN_QUOTED_INCLUDE_IN_FRAMEWORK_HEADER = YES;
				CLANG_WARN_RANGE_LOOP_ANALYSIS = YES;
				CLANG_WARN_STRICT_PROTOTYPES = YES;
				CLANG_WARN_SUSPICIOUS_MOVE = YES;
				CLANG_WARN_UNGUARDED_AVAILABILITY = YES_AGGRESSIVE;
				CLANG_WARN_UNREACHABLE_CODE = YES;
				CLANG_WARN__DUPLICATE_METHOD_MATCH = YES;
				COPY_PHASE_STRIP = NO;
				DEBUG_INFORMATION_FORMAT = "dwarf-with-dsym";
				ENABLE_NS_ASSERTIONS = NO;
				ENABLE_STRICT_OBJC_MSGSEND = YES;
				GCC_C_LANGUAGE_STANDARD = gnu11;
				GCC_NO_COMMON_BLOCKS = YES;
				GCC_WARN_64_TO_32_BIT_CONVERSION = YES;
				GCC_WARN_ABOUT_RETURN_TYPE = YES_ERROR;
				GCC_WARN_UNDECLARED_SELECTOR = YES;
				GCC_WARN_UNINITIALIZED_AUTOS = YES_AGGRESSIVE;
				GCC_WARN_UNUSED_FUNCTION = YES;
				GCC_WARN_UNUSED_VARIABLE = YES;
				IPHONEOS_DEPLOYMENT_TARGET = 16.0;
				MTL_ENABLE_DEBUG_INFO = NO;
				MTL_FAST_MATH = YES;
				SDKROOT = iphoneos;
				SWIFT_COMPILATION_MODE = wholemodule;
				SWIFT_OPTIMIZATION_LEVEL = "-O";
				VALIDATE_PRODUCT = YES;
			};
			name = Release;
		};
		80E7197328DA14DA004A713D /* Debug */ = {
			isa = XCBuildConfiguration;
			buildSettings = {
				ASSETCATALOG_COMPILER_APPICON_NAME = AppIcon;
				ASSETCATALOG_COMPILER_GLOBAL_ACCENT_COLOR_NAME = AccentColor;
				CODE_SIGN_STYLE = Automatic;
				CURRENT_PROJECT_VERSION = 1;
				DEVELOPMENT_ASSET_PATHS = "\"MusicPlayerLab/Preview Content\"";
				DEVELOPMENT_TEAM = M525S4B69N;
				ENABLE_PREVIEWS = YES;
				GENERATE_INFOPLIST_FILE = YES;
				INFOPLIST_KEY_UIApplicationSceneManifest_Generation = YES;
				INFOPLIST_KEY_UIApplicationSupportsIndirectInputEvents = YES;
				INFOPLIST_KEY_UILaunchScreen_Generation = YES;
				INFOPLIST_KEY_UISupportedInterfaceOrientations_iPad = "UIInterfaceOrientationPortrait UIInterfaceOrientationPortraitUpsideDown UIInterfaceOrientationLandscapeLeft UIInterfaceOrientationLandscapeRight";
				INFOPLIST_KEY_UISupportedInterfaceOrientations_iPhone = "UIInterfaceOrientationPortrait UIInterfaceOrientationLandscapeLeft UIInterfaceOrientationLandscapeRight";
				LD_RUNPATH_SEARCH_PATHS = (
					"$(inherited)",
					"@executable_path/Frameworks",
				);
				MARKETING_VERSION = 1.0;
				PRODUCT_BUNDLE_IDENTIFIER = com.atd.MusicPlayerLab;
				PRODUCT_NAME = "$(TARGET_NAME)";
				SWIFT_EMIT_LOC_STRINGS = YES;
				SWIFT_VERSION = 5.0;
				TARGETED_DEVICE_FAMILY = "1,2";
			};
			name = Debug;
		};
		80E7197428DA14DA004A713D /* Release */ = {
			isa = XCBuildConfiguration;
			buildSettings = {
				ASSETCATALOG_COMPILER_APPICON_NAME = AppIcon;
				ASSETCATALOG_COMPILER_GLOBAL_ACCENT_COLOR_NAME = AccentColor;
				CODE_SIGN_STYLE = Automatic;
				CURRENT_PROJECT_VERSION = 1;
				DEVELOPMENT_ASSET_PATHS = "\"MusicPlayerLab/Preview Content\"";
				DEVELOPMENT_TEAM = M525S4B69N;
				ENABLE_PREVIEWS = YES;
				GENERATE_INFOPLIST_FILE = YES;
				INFOPLIST_KEY_UIApplicationSceneManifest_Generation = YES;
				INFOPLIST_KEY_UIApplicationSupportsIndirectInputEvents = YES;
				INFOPLIST_KEY_UILaunchScreen_Generation = YES;
				INFOPLIST_KEY_UISupportedInterfaceOrientations_iPad = "UIInterfaceOrientationPortrait UIInterfaceOrientationPortraitUpsideDown UIInterfaceOrientationLandscapeLeft UIInterfaceOrientationLandscapeRight";
				INFOPLIST_KEY_UISupportedInterfaceOrientations_iPhone = "UIInterfaceOrientationPortrait UIInterfaceOrientationLandscapeLeft UIInterfaceOrientationLandscapeRight";
				LD_RUNPATH_SEARCH_PATHS = (
					"$(inherited)",
					"@executable_path/Frameworks",
				);
				MARKETING_VERSION = 1.0;
				PRODUCT_BUNDLE_IDENTIFIER = com.atd.MusicPlayerLab;
				PRODUCT_NAME = "$(TARGET_NAME)";
				SWIFT_EMIT_LOC_STRINGS = YES;
				SWIFT_VERSION = 5.0;
				TARGETED_DEVICE_FAMILY = "1,2";
			};
			name = Release;
		};
/* End XCBuildConfiguration section */

/* Begin XCConfigurationList section */
		80E7195F28DA14D8004A713D /* Build configuration list for PBXProject "MusicPlayerLab" */ = {
			isa = XCConfigurationList;
			buildConfigurations = (
				80E7197028DA14DA004A713D /* Debug */,
				80E7197128DA14DA004A713D /* Release */,
			);
			defaultConfigurationIsVisible = 0;
			defaultConfigurationName = Release;
		};
		80E7197228DA14DA004A713D /* Build configuration list for PBXNativeTarget "MusicPlayerLab" */ = {
			isa = XCConfigurationList;
			buildConfigurations = (
				80E7197328DA14DA004A713D /* Debug */,
				80E7197428DA14DA004A713D /* Release */,
			);
			defaultConfigurationIsVisible = 0;
			defaultConfigurationName = Release;
		};
/* End XCConfigurationList section */
	};
	rootObject = 80E7195C28DA14D8004A713D /* Project object */;
}
